
Microsoft Visual Studio Solution File, Format Version 12.00
# Visual Studio Version 16
VisualStudioVersion = 16.0.30804.86
MinimumVisualStudioVersion = 10.0.40219.1
Project("{9A19103F-16F7-4668-BE54-9A1E7A4F7556}") = "elasticsearch_lowclient_demo", "elasticsearch_lowclient_demo.csproj", "{BD8A2AC8-BD31-4760-9B65-669ABAD07EA7}"
EndProject
Global
	GlobalSection(SolutionConfigurationPlatforms) = preSolution
		Debug|Any CPU = Debug|Any CPU
		Release|Any CPU = Release|Any CPU
	EndGlobalSection
	GlobalSection(ProjectConfigurationPlatforms) = postSolution
		{BD8A2AC8-BD31-4760-9B65-669ABAD07EA7}.Debug|Any CPU.ActiveCfg = Debug|Any CPU
		{BD8A2AC8-BD31-4760-9B65-669ABAD07EA7}.Debug|Any CPU.Build.0 = Debug|Any CPU
		{BD8A2AC8-BD31-4760-9B65-669ABAD07EA7}.Release|Any CPU.ActiveCfg = Release|Any CPU
		{BD8A2AC8-BD31-4760-9B65-669ABAD07EA7}.Release|Any CPU.Build.0 = Release|Any CPU
	EndGlobalSection
	GlobalSection(SolutionProperties) = preSolution
		HideSolutionNode = FALSE
	EndGlobalSection
	GlobalSection(ExtensibilityGlobals) = postSolution
		SolutionGuid = {2A1046C2-1F3F-4506-9296-B08279F61F7C}
	EndGlobalSection
EndGlobal
